
Microsoft Visual Studio Solution File, Format Version 12.00
# Visual Studio Version 16
VisualStudioVersion = 16.0.31515.178
MinimumVisualStudioVersion = 10.0.40219.1
Project("{FAE04EC0-301F-11D3-BF4B-00C04F79EFBC}") = "hepsiburadalast", "hepsiburadalast\hepsiburadalast.csproj", "{B8BDF3A6-1E5F-4818-9401-1DC994AC534C}"
EndProject
Global
	GlobalSection(SolutionConfigurationPlatforms) = preSolution
		Debug|Any CPU = Debug|Any CPU
		Release|Any CPU = Release|Any CPU
	EndGlobalSection
	GlobalSection(ProjectConfigurationPlatforms) = postSolution
		{B8BDF3A6-1E5F-4818-9401-1DC994AC534C}.Debug|Any CPU.ActiveCfg = Debug|Any CPU
		{B8BDF3A6-1E5F-4818-9401-1DC994AC534C}.Debug|Any CPU.Build.0 = Debug|Any CPU
		{B8BDF3A6-1E5F-4818-9401-1DC994AC534C}.Release|Any CPU.ActiveCfg = Release|Any CPU
		{B8BDF3A6-1E5F-4818-9401-1DC994AC534C}.Release|Any CPU.Build.0 = Release|Any CPU
	EndGlobalSection
	GlobalSection(SolutionProperties) = preSolution
		HideSolutionNode = FALSE
	EndGlobalSection
	GlobalSection(ExtensibilityGlobals) = postSolution
		SolutionGuid = {86180000-A471-49F2-8859-47F3FEFBD9A7}
	EndGlobalSection
EndGlobal
